
Microsoft Visual Studio Solution File, Format Version 11.00
# Visual Studio 2010
Project("{FAE04EC0-301F-11D3-BF4B-00C04F79EFBC}") = "RemoveReference.Fody", "RemoveReference.Fody\RemoveReference.Fody.csproj", "{4A68EA80-D293-43EF-ADC5-08A676FA1D50}"
EndProject
Project("{FAE04EC0-301F-11D3-BF4B-00C04F79EFBC}") = "RemoveReference.Fody.Tests", "RemoveReference.Fody.Tests\RemoveReference.Fody.Tests.csproj", "{920C884F-C689-4CD5-AF6B-E5AA3BC958A8}"
EndProject
Project("{FAE04EC0-301F-11D3-BF4B-00C04F79EFBC}") = "AssemblyToProcess", "AssemblyToProcess\AssemblyToProcess.csproj", "{D7ADE13B-97DA-4524-BE8C-5D65EBE6D8F4}"
EndProject
Project("{FAE04EC0-301F-11D3-BF4B-00C04F79EFBC}") = "RemoveReference.Fody.NuGet", "RemoveReference.Fody.NuGet\RemoveReference.Fody.NuGet.csproj", "{E78D38F3-EFAE-4B61-A3B2-FE8826F07401}"
EndProject
Global
	GlobalSection(SolutionConfigurationPlatforms) = preSolution
		Debug|Any CPU = Debug|Any CPU
		Debug|Mixed Platforms = Debug|Mixed Platforms
		Debug|x86 = Debug|x86
		Release|Any CPU = Release|Any CPU
		Release|Mixed Platforms = Release|Mixed Platforms
		Release|x86 = Release|x86
	EndGlobalSection
	GlobalSection(ProjectConfigurationPlatforms) = postSolution
		{4A68EA80-D293-43EF-ADC5-08A676FA1D50}.Debug|Any CPU.ActiveCfg = Debug|Any CPU
		{4A68EA80-D293-43EF-ADC5-08A676FA1D50}.Debug|Any CPU.Build.0 = Debug|Any CPU
		{4A68EA80-D293-43EF-ADC5-08A676FA1D50}.Debug|Mixed Platforms.ActiveCfg = Debug|Any CPU
		{4A68EA80-D293-43EF-ADC5-08A676FA1D50}.Debug|Mixed Platforms.Build.0 = Debug|Any CPU
		{4A68EA80-D293-43EF-ADC5-08A676FA1D50}.Debug|x86.ActiveCfg = Debug|Any CPU
		{4A68EA80-D293-43EF-ADC5-08A676FA1D50}.Release|Any CPU.ActiveCfg = Release|Any CPU
		{4A68EA80-D293-43EF-ADC5-08A676FA1D50}.Release|Any CPU.Build.0 = Release|Any CPU
		{4A68EA80-D293-43EF-ADC5-08A676FA1D50}.Release|Mixed Platforms.ActiveCfg = Release|Any CPU
		{4A68EA80-D293-43EF-ADC5-08A676FA1D50}.Release|Mixed Platforms.Build.0 = Release|Any CPU
		{4A68EA80-D293-43EF-ADC5-08A676FA1D50}.Release|x86.ActiveCfg = Release|Any CPU
		{920C884F-C689-4CD5-AF6B-E5AA3BC958A8}.Debug|Any CPU.ActiveCfg = Debug|Any CPU
		{920C884F-C689-4CD5-AF6B-E5AA3BC958A8}.Debug|Any CPU.Build.0 = Debug|Any CPU
		{920C884F-C689-4CD5-AF6B-E5AA3BC958A8}.Debug|Mixed Platforms.ActiveCfg = Debug|Any CPU
		{920C884F-C689-4CD5-AF6B-E5AA3BC958A8}.Debug|Mixed Platforms.Build.0 = Debug|Any CPU
		{920C884F-C689-4CD5-AF6B-E5AA3BC958A8}.Debug|x86.ActiveCfg = Debug|Any CPU
		{920C884F-C689-4CD5-AF6B-E5AA3BC958A8}.Release|Any CPU.ActiveCfg = Release|Any CPU
		{920C884F-C689-4CD5-AF6B-E5AA3BC958A8}.Release|Any CPU.Build.0 = Release|Any CPU
		{920C884F-C689-4CD5-AF6B-E5AA3BC958A8}.Release|Mixed Platforms.ActiveCfg = Release|Any CPU
		{920C884F-C689-4CD5-AF6B-E5AA3BC958A8}.Release|Mixed Platforms.Build.0 = Release|Any CPU
		{920C884F-C689-4CD5-AF6B-E5AA3BC958A8}.Release|x86.ActiveCfg = Release|Any CPU
		{D7ADE13B-97DA-4524-BE8C-5D65EBE6D8F4}.Debug|Any CPU.ActiveCfg = Debug|Any CPU
		{D7ADE13B-97DA-4524-BE8C-5D65EBE6D8F4}.Debug|Any CPU.Build.0 = Debug|Any CPU
		{D7ADE13B-97DA-4524-BE8C-5D65EBE6D8F4}.Debug|Mixed Platforms.ActiveCfg = Debug|Any CPU
		{D7ADE13B-97DA-4524-BE8C-5D65EBE6D8F4}.Debug|Mixed Platforms.Build.0 = Debug|Any CPU
		{D7ADE13B-97DA-4524-BE8C-5D65EBE6D8F4}.Debug|x86.ActiveCfg = Debug|Any CPU
		{D7ADE13B-97DA-4524-BE8C-5D65EBE6D8F4}.Release|Any CPU.ActiveCfg = Release|Any CPU
		{D7ADE13B-97DA-4524-BE8C-5D65EBE6D8F4}.Release|Any CPU.Build.0 = Release|Any CPU
		{D7ADE13B-97DA-4524-BE8C-5D65EBE6D8F4}.Release|Mixed Platforms.ActiveCfg = Release|Any CPU
		{D7ADE13B-97DA-4524-BE8C-5D65EBE6D8F4}.Release|Mixed Platforms.Build.0 = Release|Any CPU
		{D7ADE13B-97DA-4524-BE8C-5D65EBE6D8F4}.Release|x86.ActiveCfg = Release|Any CPU
		{E78D38F3-EFAE-4B61-A3B2-FE8826F07401}.Debug|Any CPU.ActiveCfg = Debug|Any CPU
		{E78D38F3-EFAE-4B61-A3B2-FE8826F07401}.Debug|Any CPU.Build.0 = Debug|Any CPU
		{E78D38F3-EFAE-4B61-A3B2-FE8826F07401}.Debug|Mixed Platforms.ActiveCfg = Debug|Any CPU
		{E78D38F3-EFAE-4B61-A3B2-FE8826F07401}.Debug|Mixed Platforms.Build.0 = Debug|Any CPU
		{E78D38F3-EFAE-4B61-A3B2-FE8826F07401}.Debug|x86.ActiveCfg = Debug|Any CPU
		{E78D38F3-EFAE-4B61-A3B2-FE8826F07401}.Release|Any CPU.ActiveCfg = Release|Any CPU
		{E78D38F3-EFAE-4B61-A3B2-FE8826F07401}.Release|Any CPU.Build.0 = Release|Any CPU
		{E78D38F3-EFAE-4B61-A3B2-FE8826F07401}.Release|Mixed Platforms.ActiveCfg = Release|Any CPU
		{E78D38F3-EFAE-4B61-A3B2-FE8826F07401}.Release|Mixed Platforms.Build.0 = Release|Any CPU
		{E78D38F3-EFAE-4B61-A3B2-FE8826F07401}.Release|x86.ActiveCfg = Release|Any CPU
	EndGlobalSection
	GlobalSection(SolutionProperties) = preSolution
		HideSolutionNode = FALSE
	EndGlobalSection
EndGlobal
